# This file is automatically @generated by Cargo.
# It is not intended for manual editing.
version = 4

[[package]]
name = "fuju-trace-core"
version = "0.0.1"

[[package]]
name = "fuju-trace-engine"
version = "0.0.1"
dependencies = [
 "fuju-trace-core",
 "fuju-trace-manifest",
 "fuju-trace-memtable",
 "fuju-trace-wal",
]

[[package]]
name = "fuju-trace-manifest"
version = "0.0.1"
dependencies = [
 "fuju-trace-core",
]

[[package]]
name = "fuju-trace-memtable"
version = "0.0.1"
dependencies = [
 "fuju-trace-core",
]

[[package]]
name = "fuju-trace-tokenizer-jieba"
version = "0.0.1"
dependencies = [
 "fuju-trace-engine",
]

[[package]]
name = "fuju-trace-wal"
version = "0.0.1"
dependencies = [
 "fuju-trace-core",
]
